
Microsoft Visual Studio Solution File, Format Version 12.00
# Visual Studio Version 16
VisualStudioVersion = 16.0.29230.47
MinimumVisualStudioVersion = 10.0.40219.1
Project("{FAE04EC0-301F-11D3-BF4B-00C04F79EFBC}") = "testshopsolution.WebApp", "testshopsolution.WebApp\testshopsolution.WebApp.csproj", "{5524A087-B34C-4F3D-8691-791BE249B0A9}"
EndProject
Global
	GlobalSection(SolutionConfigurationPlatforms) = preSolution
		Debug|Any CPU = Debug|Any CPU
		Release|Any CPU = Release|Any CPU
	EndGlobalSection
	GlobalSection(ProjectConfigurationPlatforms) = postSolution
		{5524A087-B34C-4F3D-8691-791BE249B0A9}.Debug|Any CPU.ActiveCfg = Debug|Any CPU
		{5524A087-B34C-4F3D-8691-791BE249B0A9}.Debug|Any CPU.Build.0 = Debug|Any CPU
		{5524A087-B34C-4F3D-8691-791BE249B0A9}.Release|Any CPU.ActiveCfg = Release|Any CPU
		{5524A087-B34C-4F3D-8691-791BE249B0A9}.Release|Any CPU.Build.0 = Release|Any CPU
	EndGlobalSection
	GlobalSection(SolutionProperties) = preSolution
		HideSolutionNode = FALSE
	EndGlobalSection
	GlobalSection(ExtensibilityGlobals) = postSolution
		SolutionGuid = {F463BFB6-6025-4627-8BDF-C966053F92F1}
	EndGlobalSection
EndGlobal
